
Microsoft Visual Studio Solution File, Format Version 12.00
# Visual Studio Version 16
VisualStudioVersion = 16.0.32126.315
MinimumVisualStudioVersion = 10.0.40219.1
Project("{2150E333-8FDC-42A3-9474-1A3956D46DE8}") = "src", "src", "{FFECE2A2-9147-43DE-820E-2A27730FD59C}"
EndProject
Project("{2150E333-8FDC-42A3-9474-1A3956D46DE8}") = "test", "test", "{5D0D388A-E6EC-4682-BE76-89B8072277A1}"
EndProject
Project("{FAE04EC0-301F-11D3-BF4B-00C04F79EFBC}") = "DiagnosticSystem.WebApi", "DiagnosticSystem.WebApi\DiagnosticSystem.WebApi.csproj", "{CE6008A6-EF11-454C-BA23-4BB18C3FFEF3}"
EndProject
Project("{2150E333-8FDC-42A3-9474-1A3956D46DE8}") = "Repositories", "Repositories", "{E1BAE2D5-379D-4B8D-B054-FE1672AAEDE8}"
EndProject
Project("{2150E333-8FDC-42A3-9474-1A3956D46DE8}") = "Common", "Common", "{40D026A7-0D7C-43B0-A5B5-330A422F40F2}"
EndProject
Project("{FAE04EC0-301F-11D3-BF4B-00C04F79EFBC}") = "DiagnosticSystem.Business", "DiagnosticSystem.Business\DiagnosticSystem.Business.csproj", "{13D7FF5B-6F16-48AE-8CB1-7220DB08ECF5}"
EndProject
Project("{FAE04EC0-301F-11D3-BF4B-00C04F79EFBC}") = "Resources", "Resources\Resources.csproj", "{63171DD7-2B99-4245-A9C8-17580059AE31}"
EndProject
Project("{FAE04EC0-301F-11D3-BF4B-00C04F79EFBC}") = "Utilities", "Utilities\Utilities.csproj", "{1F5942A7-E009-408D-8817-788ED891586A}"
EndProject
Project("{00D1A9C2-B5F0-4AF3-8072-F6C62B433612}") = "DiagnosticSystemDataBase", "DiagnosticSystemDataBase\DiagnosticSystemDataBase.sqlproj", "{FB499FCF-AA03-47B8-8CB3-A8C593BCCC5A}"
EndProject
Project("{FAE04EC0-301F-11D3-BF4B-00C04F79EFBC}") = "DiagnosticSystem.Core", "DiagnosticSystem.Core\DiagnosticSystem.Core.csproj", "{BEC26698-941B-4D2E-B73C-586F65C12A5A}"
EndProject
Global
	GlobalSection(SolutionConfigurationPlatforms) = preSolution
		Debug|Any CPU = Debug|Any CPU
		Release|Any CPU = Release|Any CPU
	EndGlobalSection
	GlobalSection(ProjectConfigurationPlatforms) = postSolution
		{CE6008A6-EF11-454C-BA23-4BB18C3FFEF3}.Debug|Any CPU.ActiveCfg = Debug|Any CPU
		{CE6008A6-EF11-454C-BA23-4BB18C3FFEF3}.Debug|Any CPU.Build.0 = Debug|Any CPU
		{CE6008A6-EF11-454C-BA23-4BB18C3FFEF3}.Release|Any CPU.ActiveCfg = Release|Any CPU
		{CE6008A6-EF11-454C-BA23-4BB18C3FFEF3}.Release|Any CPU.Build.0 = Release|Any CPU
		{13D7FF5B-6F16-48AE-8CB1-7220DB08ECF5}.Debug|Any CPU.ActiveCfg = Debug|Any CPU
		{13D7FF5B-6F16-48AE-8CB1-7220DB08ECF5}.Debug|Any CPU.Build.0 = Debug|Any CPU
		{13D7FF5B-6F16-48AE-8CB1-7220DB08ECF5}.Release|Any CPU.ActiveCfg = Release|Any CPU
		{13D7FF5B-6F16-48AE-8CB1-7220DB08ECF5}.Release|Any CPU.Build.0 = Release|Any CPU
		{63171DD7-2B99-4245-A9C8-17580059AE31}.Debug|Any CPU.ActiveCfg = Debug|Any CPU
		{63171DD7-2B99-4245-A9C8-17580059AE31}.Debug|Any CPU.Build.0 = Debug|Any CPU
		{63171DD7-2B99-4245-A9C8-17580059AE31}.Release|Any CPU.ActiveCfg = Release|Any CPU
		{63171DD7-2B99-4245-A9C8-17580059AE31}.Release|Any CPU.Build.0 = Release|Any CPU
		{1F5942A7-E009-408D-8817-788ED891586A}.Debug|Any CPU.ActiveCfg = Debug|Any CPU
		{1F5942A7-E009-408D-8817-788ED891586A}.Debug|Any CPU.Build.0 = Debug|Any CPU
		{1F5942A7-E009-408D-8817-788ED891586A}.Release|Any CPU.ActiveCfg = Release|Any CPU
		{1F5942A7-E009-408D-8817-788ED891586A}.Release|Any CPU.Build.0 = Release|Any CPU
		{FB499FCF-AA03-47B8-8CB3-A8C593BCCC5A}.Debug|Any CPU.ActiveCfg = Debug|Any CPU
		{FB499FCF-AA03-47B8-8CB3-A8C593BCCC5A}.Debug|Any CPU.Build.0 = Debug|Any CPU
		{FB499FCF-AA03-47B8-8CB3-A8C593BCCC5A}.Debug|Any CPU.Deploy.0 = Debug|Any CPU
		{FB499FCF-AA03-47B8-8CB3-A8C593BCCC5A}.Release|Any CPU.ActiveCfg = Release|Any CPU
		{FB499FCF-AA03-47B8-8CB3-A8C593BCCC5A}.Release|Any CPU.Build.0 = Release|Any CPU
		{FB499FCF-AA03-47B8-8CB3-A8C593BCCC5A}.Release|Any CPU.Deploy.0 = Release|Any CPU
		{BEC26698-941B-4D2E-B73C-586F65C12A5A}.Debug|Any CPU.ActiveCfg = Debug|Any CPU
		{BEC26698-941B-4D2E-B73C-586F65C12A5A}.Debug|Any CPU.Build.0 = Debug|Any CPU
		{BEC26698-941B-4D2E-B73C-586F65C12A5A}.Release|Any CPU.ActiveCfg = Release|Any CPU
		{BEC26698-941B-4D2E-B73C-586F65C12A5A}.Release|Any CPU.Build.0 = Release|Any CPU
	EndGlobalSection
	GlobalSection(SolutionProperties) = preSolution
		HideSolutionNode = FALSE
	EndGlobalSection
	GlobalSection(NestedProjects) = preSolution
		{CE6008A6-EF11-454C-BA23-4BB18C3FFEF3} = {FFECE2A2-9147-43DE-820E-2A27730FD59C}
		{E1BAE2D5-379D-4B8D-B054-FE1672AAEDE8} = {FFECE2A2-9147-43DE-820E-2A27730FD59C}
		{40D026A7-0D7C-43B0-A5B5-330A422F40F2} = {FFECE2A2-9147-43DE-820E-2A27730FD59C}
		{13D7FF5B-6F16-48AE-8CB1-7220DB08ECF5} = {FFECE2A2-9147-43DE-820E-2A27730FD59C}
		{63171DD7-2B99-4245-A9C8-17580059AE31} = {40D026A7-0D7C-43B0-A5B5-330A422F40F2}
		{1F5942A7-E009-408D-8817-788ED891586A} = {40D026A7-0D7C-43B0-A5B5-330A422F40F2}
		{FB499FCF-AA03-47B8-8CB3-A8C593BCCC5A} = {FFECE2A2-9147-43DE-820E-2A27730FD59C}
		{BEC26698-941B-4D2E-B73C-586F65C12A5A} = {40D026A7-0D7C-43B0-A5B5-330A422F40F2}
	EndGlobalSection
	GlobalSection(ExtensibilityGlobals) = postSolution
		SolutionGuid = {8A5E0466-20B9-4C05-BEA1-9D3296083412}
	EndGlobalSection
EndGlobal
